// !$*UTF8*$!
{
	archiveVersion = 1;
	classes = {
	};
	objectVersion = 46;
	objects = {

/* Begin PBXBuildFile section */
		A2332C2C1CF8215A0086D381 /* AppDelegate.swift in Sources */ = {isa = PBXBuildFile; fileRef = A2332C2B1CF8215A0086D381 /* AppDelegate.swift */; };
		A2332C2E1CF8215A0086D381 /* ViewController.swift in Sources */ = {isa = PBXBuildFile; fileRef = A2332C2D1CF8215A0086D381 /* ViewController.swift */; };
		A2332C311CF8215A0086D381 /* Main.storyboard in Resources */ = {isa = PBXBuildFile; fileRef = A2332C2F1CF8215A0086D381 /* Main.storyboard */; };
		A2332C331CF8215A0086D381 /* Assets.xcassets in Resources */ = {isa = PBXBuildFile; fileRef = A2332C321CF8215A0086D381 /* Assets.xcassets */; };
		A2332C361CF8215A0086D381 /* LaunchScreen.storyboard in Resources */ = {isa = PBXBuildFile; fileRef = A2332C341CF8215A0086D381 /* LaunchScreen.storyboard */; };
		A2332C411CF8215A0086D381 /* CalculaterTests.swift in Sources */ = {isa = PBXBuildFile; fileRef = A2332C401CF8215A0086D381 /* CalculaterTests.swift */; };
		A2332C4C1CF8215A0086D381 /* CalculaterUITests.swift in Sources */ = {isa = PBXBuildFile; fileRef = A2332C4B1CF8215A0086D381 /* CalculaterUITests.swift */; };
/* End PBXBuildFile section */

/* Begin PBXContainerItemProxy section */
		A2332C3D1CF8215A0086D381 /* PBXContainerItemProxy */ = {
			isa = PBXContainerItemProxy;
			containerPortal = A2332C201CF8215A0086D381 /* Project object */;
			proxyType = 1;
			remoteGlobalIDString = A2332C271CF8215A0086D381;
			remoteInfo = Calculater;
		};
		A2332C481CF8215A0086D381 /* PBXContainerItemProxy */ = {
			isa = PBXContainerItemProxy;
			containerPortal = A2332C201CF8215A0086D381 /* Project object */;
			proxyType = 1;
			remoteGlobalIDString = A2332C271CF8215A0086D381;
			remoteInfo = Calculater;
		};
/* End PBXContainerItemProxy section */

/* Begin PBXFileReference section */
		A2332C281CF8215A0086D381 /* Calculater.app */ = {isa = PBXFileReference; explicitFileType = wrapper.application; includeInIndex = 0; path = Calculater.app; sourceTree = BUILT_PRODUCTS_DIR; };
		A2332C2B1CF8215A0086D381 /* AppDelegate.swift */ = {isa = PBXFileReference; lastKnownFileType = sourcecode.swift; path = AppDelegate.swift; sourceTree = "<group>"; };
		A2332C2D1CF8215A0086D381 /* ViewController.swift */ = {isa = PBXFileReference; lastKnownFileType = sourcecode.swift; path = ViewController.swift; sourceTree = "<group>"; };
		A2332C301CF8215A0086D381 /* Base */ = {isa = PBXFileReference; lastKnownFileType = file.storyboard; name = Base; path = Base.lproj/Main.storyboard; sourceTree = "<group>"; };
		A2332C321CF8215A0086D381 /* Assets.xcassets */ = {isa = PBXFileReference; lastKnownFileType = folder.assetcatalog; path = Assets.xcassets; sourceTree = "<group>"; };
		A2332C351CF8215A0086D381 /* Base */ = {isa = PBXFileReference; lastKnownFileType = file.storyboard; name = Base; path = Base.lproj/LaunchScreen.storyboard; sourceTree = "<group>"; };
		A2332C371CF8215A0086D381 /* Info.plist */ = {isa = PBXFileReference; lastKnownFileType = text.plist.xml; path = Info.plist; sourceTree = "<group>"; };
		A2332C3C1CF8215A0086D381 /* CalculaterTests.xctest */ = {isa = PBXFileReference; explicitFileType = wrapper.cfbundle; includeInIndex = 0; path = CalculaterTests.xctest; sourceTree = BUILT_PRODUCTS_DIR; };
		A2332C401CF8215A0086D381 /* CalculaterTests.swift */ = {isa = PBXFileReference; lastKnownFileType = sourcecode.swift; path = CalculaterTests.swift; sourceTree = "<group>"; };
		A2332C421CF8215A0086D381 /* Info.plist */ = {isa = PBXFileReference; lastKnownFileType = text.plist.xml; path = Info.plist; sourceTree = "<group>"; };
		A2332C471CF8215A0086D381 /* CalculaterUITests.xctest */ = {isa = PBXFileReference; explicitFileType = wrapper.cfbundle; includeInIndex = 0; path = CalculaterUITests.xctest; sourceTree = BUILT_PRODUCTS_DIR; };
		A2332C4B1CF8215A0086D381 /* CalculaterUITests.swift */ = {isa = PBXFileReference; lastKnownFileType = sourcecode.swift; path = CalculaterUITests.swift; sourceTree = "<group>"; };
		A2332C4D1CF8215A0086D381 /* Info.plist */ = {isa = PBXFileReference; lastKnownFileType = text.plist.xml; path = Info.plist; sourceTree = "<group>"; };
/* End PBXFileReference section */

/* Begin PBXFrameworksBuildPhase section */
		A2332C251CF8215A0086D381 /* Frameworks */ = {
			isa = PBXFrameworksBuildPhase;
			buildActionMask = 2147483647;
			files = (
			);
			runOnlyForDeploymentPostprocessing = 0;
		};
		A2332C391CF8215A0086D381 /* Frameworks */ = {
			isa = PBXFrameworksBuildPhase;
			buildActionMask = 2147483647;
			files = (
			);
			runOnlyForDeploymentPostprocessing = 0;
		};
		A2332C441CF8215A0086D381 /* Frameworks */ = {
			isa = PBXFrameworksBuildPhase;
			buildActionMask = 2147483647;
			files = (
			);
			runOnlyForDeploymentPostprocessing = 0;
		};
/* End PBXFrameworksBuildPhase section */

/* Begin PBXGroup section */
		A2332C1F1CF8215A0086D381 = {
			isa = PBXGroup;
			children = (
				A2332C2A1CF8215A0086D381 /* Calculater */,
				A2332C3F1CF8215A0086D381 /* CalculaterTests */,
				A2332C4A1CF8215A0086D381 /* CalculaterUITests */,
				A2332C291CF8215A0086D381 /* Products */,
			);
			sourceTree = "<group>";
		};
		A2332C291CF8215A0086D381 /* Products */ = {
			isa = PBXGroup;
			children = (
				A2332C281CF8215A0086D381 /* Calculater.app */,
				A2332C3C1CF8215A0086D381 /* CalculaterTests.xctest */,
				A2332C471CF8215A0086D381 /* CalculaterUITests.xctest */,
			);
			name = Products;
			sourceTree = "<group>";
		};
		A2332C2A1CF8215A0086D381 /* Calculater */ = {
			isa = PBXGroup;
			children = (
				A2332C2B1CF8215A0086D381 /* AppDelegate.swift */,
				A2332C2D1CF8215A0086D381 /* ViewController.swift */,
				A2332C2F1CF8215A0086D381 /* Main.storyboard */,
				A2332C321CF8215A0086D381 /* Assets.xcassets */,
				A2332C341CF8215A0086D381 /* LaunchScreen.storyboard */,
				A2332C371CF8215A0086D381 /* Info.plist */,
			);
			path = Calculater;
			sourceTree = "<group>";
		};
		A2332C3F1CF8215A0086D381 /* CalculaterTests */ = {
			isa = PBXGroup;
			children = (
				A2332C401CF8215A0086D381 /* CalculaterTests.swift */,
				A2332C421CF8215A0086D381 /* Info.plist */,
			);
			path = CalculaterTests;
			sourceTree = "<group>";
		};
		A2332C4A1CF8215A0086D381 /* CalculaterUITests */ = {
			isa = PBXGroup;
			children = (
				A2332C4B1CF8215A0086D381 /* CalculaterUITests.swift */,
				A2332C4D1CF8215A0086D381 /* Info.plist */,
			);
			path = CalculaterUITests;
			sourceTree = "<group>";
		};
/* End PBXGroup section */

/* Begin PBXNativeTarget section */
		A2332C271CF8215A0086D381 /* Calculater */ = {
			isa = PBXNativeTarget;
			buildConfigurationList = A2332C501CF8215A0086D381 /* Build configuration list for PBXNativeTarget "Calculater" */;
			buildPhases = (
				A2332C241CF8215A0086D381 /* Sources */,
				A2332C251CF8215A0086D381 /* Frameworks */,
				A2332C261CF8215A0086D381 /* Resources */,
			);
			buildRules = (
			);
			dependencies = (
			);
			name = Calculater;
			productName = Calculater;
			productReference = A2332C281CF8215A0086D381 /* Calculater.app */;
			productType = "com.apple.product-type.application";
		};
		A2332C3B1CF8215A0086D381 /* CalculaterTests */ = {
			isa = PBXNativeTarget;
			buildConfigurationList = A2332C531CF8215A0086D381 /* Build configuration list for PBXNativeTarget "CalculaterTests" */;
			buildPhases = (
				A2332C381CF8215A0086D381 /* Sources */,
				A2332C391CF8215A0086D381 /* Frameworks */,
				A2332C3A1CF8215A0086D381 /* Resources */,
			);
			buildRules = (
			);
			dependencies = (
				A2332C3E1CF8215A0086D381 /* PBXTargetDependency */,
			);
			name = CalculaterTests;
			productName = CalculaterTests;
			productReference = A2332C3C1CF8215A0086D381 /* CalculaterTests.xctest */;
			productType = "com.apple.product-type.bundle.unit-test";
		};
		A2332C461CF8215A0086D381 /* CalculaterUITests */ = {
			isa = PBXNativeTarget;
			buildConfigurationList = A2332C561CF8215A0086D381 /* Build configuration list for PBXNativeTarget "CalculaterUITests" */;
			buildPhases = (
				A2332C431CF8215A0086D381 /* Sources */,
				A2332C441CF8215A0086D381 /* Frameworks */,
				A2332C451CF8215A0086D381 /* Resources */,
			);
			buildRules = (
			);
			dependencies = (
				A2332C491CF8215A0086D381 /* PBXTargetDependency */,
			);
			name = CalculaterUITests;
			productName = CalculaterUITests;
			productReference = A2332C471CF8215A0086D381 /* CalculaterUITests.xctest */;
			productType = "com.apple.product-type.bundle.ui-testing";
		};
/* End PBXNativeTarget section */

/* Begin PBXProject section */
		A2332C201CF8215A0086D381 /* Project object */ = {
			isa = PBXProject;
			attributes = {
				LastSwiftUpdateCheck = 0730;
				LastUpgradeCheck = 0730;
				ORGANIZATIONNAME = BILLY;
				TargetAttributes = {
					A2332C271CF8215A0086D381 = {
						CreatedOnToolsVersion = 7.3.1;
					};
					A2332C3B1CF8215A0086D381 = {
						CreatedOnToolsVersion = 7.3.1;
						TestTargetID = A2332C271CF8215A0086D381;
					};
					A2332C461CF8215A0086D381 = {
						CreatedOnToolsVersion = 7.3.1;
						TestTargetID = A2332C271CF8215A0086D381;
					};
				};
			};
			buildConfigurationList = A2332C231CF8215A0086D381 /* Build configuration list for PBXProject "Calculater" */;
			compatibilityVersion = "Xcode 3.2";
			developmentRegion = English;
			hasScannedForEncodings = 0;
			knownRegions = (
				en,
				Base,
			);
			mainGroup = A2332C1F1CF8215A0086D381;
			productRefGroup = A2332C291CF8215A0086D381 /* Products */;
			projectDirPath = "";
			projectRoot = "";
			targets = (
				A2332C271CF8215A0086D381 /* Calculater */,
				A2332C3B1CF8215A0086D381 /* CalculaterTests */,
				A2332C461CF8215A0086D381 /* CalculaterUITests */,
			);
		};
/* End PBXProject section */

/* Begin PBXResourcesBuildPhase section */
		A2332C261CF8215A0086D381 /* Resources */ = {
			isa = PBXResourcesBuildPhase;
			buildActionMask = 2147483647;
			files = (
				A2332C361CF8215A0086D381 /* LaunchScreen.storyboard in Resources */,
				A2332C331CF8215A0086D381 /* Assets.xcassets in Resources */,
				A2332C311CF8215A0086D381 /* Main.storyboard in Resources */,
			);
			runOnlyForDeploymentPostprocessing = 0;
		};
		A2332C3A1CF8215A0086D381 /* Resources */ = {
			isa = PBXResourcesBuildPhase;
			buildActionMask = 2147483647;
			files = (
			);
			runOnlyForDeploymentPostprocessing = 0;
		};
		A2332C451CF8215A0086D381 /* Resources */ = {
			isa = PBXResourcesBuildPhase;
			buildActionMask = 2147483647;
			files = (
			);
			runOnlyForDeploymentPostprocessing = 0;
		};
/* End PBXResourcesBuildPhase section */

/* Begin PBXSourcesBuildPhase section */
		A2332C241CF8215A0086D381 /* Sources */ = {
			isa = PBXSourcesBuildPhase;
			buildActionMask = 2147483647;
			files = (
				A2332C2E1CF8215A0086D381 /* ViewController.swift in Sources */,
				A2332C2C1CF8215A0086D381 /* AppDelegate.swift in Sources */,
			);
			runOnlyForDeploymentPostprocessing = 0;
		};
		A2332C381CF8215A0086D381 /* Sources */ = {
			isa = PBXSourcesBuildPhase;
			buildActionMask = 2147483647;
			files = (
				A2332C411CF8215A0086D381 /* CalculaterTests.swift in Sources */,
			);
			runOnlyForDeploymentPostprocessing = 0;
		};
		A2332C431CF8215A0086D381 /* Sources */ = {
			isa = PBXSourcesBuildPhase;
			buildActionMask = 2147483647;
			files = (
				A2332C4C1CF8215A0086D381 /* CalculaterUITests.swift in Sources */,
			);
			runOnlyForDeploymentPostprocessing = 0;
		};
/* End PBXSourcesBuildPhase section */

/* Begin PBXTargetDependency section */
		A2332C3E1CF8215A0086D381 /* PBXTargetDependency */ = {
			isa = PBXTargetDependency;
			target = A2332C271CF8215A0086D381 /* Calculater */;
			targetProxy = A2332C3D1CF8215A0086D381 /* PBXContainerItemProxy */;
		};
		A2332C491CF8215A0086D381 /* PBXTargetDependency */ = {
			isa = PBXTargetDependency;
			target = A2332C271CF8215A0086D381 /* Calculater */;
			targetProxy = A2332C481CF8215A0086D381 /* PBXContainerItemProxy */;
		};
/* End PBXTargetDependency section */

/* Begin PBXVariantGroup section */
		A2332C2F1CF8215A0086D381 /* Main.storyboard */ = {
			isa = PBXVariantGroup;
			children = (
				A2332C301CF8215A0086D381 /* Base */,
			);
			name = Main.storyboard;
			sourceTree = "<group>";
		};
		A2332C341CF8215A0086D381 /* LaunchScreen.storyboard */ = {
			isa = PBXVariantGroup;
			children = (
				A2332C351CF8215A0086D381 /* Base */,
			);
			name = LaunchScreen.storyboard;
			sourceTree = "<group>";
		};
/* End PBXVariantGroup section */

/* Begin XCBuildConfiguration section */
		A2332C4E1CF8215A0086D381 /* Debug */ = {
			isa = XCBuildConfiguration;
			buildSettings = {
				ALWAYS_SEARCH_USER_PATHS = NO;
				CLANG_ANALYZER_NONNULL = YES;
				CLANG_CXX_LANGUAGE_STANDARD = "gnu++0x";
				CLANG_CXX_LIBRARY = "libc++";
				CLANG_ENABLE_MODULES = YES;
				CLANG_ENABLE_OBJC_ARC = YES;
				CLANG_WARN_BOOL_CONVERSION = YES;
				CLANG_WARN_CONSTANT_CONVERSION = YES;
				CLANG_WARN_DIRECT_OBJC_ISA_USAGE = YES_ERROR;
				CLANG_WARN_EMPTY_BODY = YES;
				CLANG_WARN_ENUM_CONVERSION = YES;
				CLANG_WARN_INT_CONVERSION = YES;
				CLANG_WARN_OBJC_ROOT_CLASS = YES_ERROR;
				CLANG_WARN_UNREACHABLE_CODE = YES;
				CLANG_WARN__DUPLICATE_METHOD_MATCH = YES;
				"CODE_SIGN_IDENTITY[sdk=iphoneos*]" = "iPhone Developer";
				COPY_PHASE_STRIP = NO;
				DEBUG_INFORMATION_FORMAT = dwarf;
				ENABLE_STRICT_OBJC_MSGSEND = YES;
				ENABLE_TESTABILITY = YES;
				GCC_C_LANGUAGE_STANDARD = gnu99;
				GCC_DYNAMIC_NO_PIC = NO;
				GCC_NO_COMMON_BLOCKS = YES;
				GCC_OPTIMIZATION_LEVEL = 0;
				GCC_PREPROCESSOR_DEFINITIONS = (
					"DEBUG=1",
					"$(inherited)",
				);
				GCC_WARN_64_TO_32_BIT_CONVERSION = YES;
				GCC_WARN_ABOUT_RETURN_TYPE = YES_ERROR;
				GCC_WARN_UNDECLARED_SELECTOR = YES;
				GCC_WARN_UNINITIALIZED_AUTOS = YES_AGGRESSIVE;
				GCC_WARN_UNUSED_FUNCTION = YES;
				GCC_WARN_UNUSED_VARIABLE = YES;
				IPHONEOS_DEPLOYMENT_TARGET = 9.3;
				MTL_ENABLE_DEBUG_INFO = YES;
				ONLY_ACTIVE_ARCH = YES;
				SDKROOT = iphoneos;
				SWIFT_OPTIMIZATION_LEVEL = "-Onone";
				TARGETED_DEVICE_FAMILY = "1,2";
			};
			name = Debug;
		};
		A2332C4F1CF8215A0086D381 /* Release */ = {
			isa = XCBuildConfiguration;
			buildSettings = {
				ALWAYS_SEARCH_USER_PATHS = NO;
				CLANG_ANALYZER_NONNULL = YES;
				CLANG_CXX_LANGUAGE_STANDARD = "gnu++0x";
				CLANG_CXX_LIBRARY = "libc++";
				CLANG_ENABLE_MODULES = YES;
				CLANG_ENABLE_OBJC_ARC = YES;
				CLANG_WARN_BOOL_CONVERSION = YES;
				CLANG_WARN_CONSTANT_CONVERSION = YES;
				CLANG_WARN_DIRECT_OBJC_ISA_USAGE = YES_ERROR;
				CLANG_WARN_EMPTY_BODY = YES;
				CLANG_WARN_ENUM_CONVERSION = YES;
				CLANG_WARN_INT_CONVERSION = YES;
				CLANG_WARN_OBJC_ROOT_CLASS = YES_ERROR;
				CLANG_WARN_UNREACHABLE_CODE = YES;
				CLANG_WARN__DUPLICATE_METHOD_MATCH = YES;
				"CODE_SIGN_IDENTITY[sdk=iphoneos*]" = "iPhone Developer";
				COPY_PHASE_STRIP = NO;
				DEBUG_INFORMATION_FORMAT = "dwarf-with-dsym";
				ENABLE_NS_ASSERTIONS = NO;
				ENABLE_STRICT_OBJC_MSGSEND = YES;
				GCC_C_LANGUAGE_STANDARD = gnu99;
				GCC_NO_COMMON_BLOCKS = YES;
				GCC_WARN_64_TO_32_BIT_CONVERSION = YES;
				GCC_WARN_ABOUT_RETURN_TYPE = YES_ERROR;
				GCC_WARN_UNDECLARED_SELECTOR = YES;
				GCC_WARN_UNINITIALIZED_AUTOS = YES_AGGRESSIVE;
				GCC_WARN_UNUSED_FUNCTION = YES;
				GCC_WARN_UNUSED_VARIABLE = YES;
				IPHONEOS_DEPLOYMENT_TARGET = 9.3;
				MTL_ENABLE_DEBUG_INFO = NO;
				SDKROOT = iphoneos;
				TARGETED_DEVICE_FAMILY = "1,2";
				VALIDATE_PRODUCT = YES;
			};
			name = Release;
		};
		A2332C511CF8215A0086D381 /* Debug */ = {
			isa = XCBuildConfiguration;
			buildSettings = {
				ASSETCATALOG_COMPILER_APPICON_NAME = AppIcon;
				INFOPLIST_FILE = Calculater/Info.plist;
				LD_RUNPATH_SEARCH_PATHS = "$(inherited) @executable_path/Frameworks";
				PRODUCT_BUNDLE_IDENTIFIER = BILL.CO.TH.Calculater;
				PRODUCT_NAME = "$(TARGET_NAME)";
			};
			name = Debug;
		};
		A2332C521CF8215A0086D381 /* Release */ = {
			isa = XCBuildConfiguration;
			buildSettings = {
				ASSETCATALOG_COMPILER_APPICON_NAME = AppIcon;
				INFOPLIST_FILE = Calculater/Info.plist;
				LD_RUNPATH_SEARCH_PATHS = "$(inherited) @executable_path/Frameworks";
				PRODUCT_BUNDLE_IDENTIFIER = BILL.CO.TH.Calculater;
				PRODUCT_NAME = "$(TARGET_NAME)";
			};
			name = Release;
		};
		A2332C541CF8215A0086D381 /* Debug */ = {
			isa = XCBuildConfiguration;
			buildSettings = {
				BUNDLE_LOADER = "$(TEST_HOST)";
				INFOPLIST_FILE = CalculaterTests/Info.plist;
				LD_RUNPATH_SEARCH_PATHS = "$(inherited) @executable_path/Frameworks @loader_path/Frameworks";
				PRODUCT_BUNDLE_IDENTIFIER = BILL.CO.TH.CalculaterTests;
				PRODUCT_NAME = "$(TARGET_NAME)";
				TEST_HOST = "$(BUILT_PRODUCTS_DIR)/Calculater.app/Calculater";
			};
			name = Debug;
		};
		A2332C551CF8215A0086D381 /* Release */ = {
			isa = XCBuildConfiguration;
			buildSettings = {
				BUNDLE_LOADER = "$(TEST_HOST)";
				INFOPLIST_FILE = CalculaterTests/Info.plist;
				LD_RUNPATH_SEARCH_PATHS = "$(inherited) @executable_path/Frameworks @loader_path/Frameworks";
				PRODUCT_BUNDLE_IDENTIFIER = BILL.CO.TH.CalculaterTests;
				PRODUCT_NAME = "$(TARGET_NAME)";
				TEST_HOST = "$(BUILT_PRODUCTS_DIR)/Calculater.app/Calculater";
			};
			name = Release;
		};
		A2332C571CF8215A0086D381 /* Debug */ = {
			isa = XCBuildConfiguration;
			buildSettings = {
				INFOPLIST_FILE = CalculaterUITests/Info.plist;
				LD_RUNPATH_SEARCH_PATHS = "$(inherited) @executable_path/Frameworks @loader_path/Frameworks";
				PRODUCT_BUNDLE_IDENTIFIER = BILL.CO.TH.CalculaterUITests;
				PRODUCT_NAME = "$(TARGET_NAME)";
				TEST_TARGET_NAME = Calculater;
			};
			name = Debug;
		};
		A2332C581CF8215A0086D381 /* Release */ = {
			isa = XCBuildConfiguration;
			buildSettings = {
				INFOPLIST_FILE = CalculaterUITests/Info.plist;
				LD_RUNPATH_SEARCH_PATHS = "$(inherited) @executable_path/Frameworks @loader_path/Frameworks";
				PRODUCT_BUNDLE_IDENTIFIER = BILL.CO.TH.CalculaterUITests;
				PRODUCT_NAME = "$(TARGET_NAME)";
				TEST_TARGET_NAME = Calculater;
			};
			name = Release;
		};
/* End XCBuildConfiguration section */

/* Begin XCConfigurationList section */
		A2332C231CF8215A0086D381 /* Build configuration list for PBXProject "Calculater" */ = {
			isa = XCConfigurationList;
			buildConfigurations = (
				A2332C4E1CF8215A0086D381 /* Debug */,
				A2332C4F1CF8215A0086D381 /* Release */,
			);
			defaultConfigurationIsVisible = 0;
			defaultConfigurationName = Release;
		};
		A2332C501CF8215A0086D381 /* Build configuration list for PBXNativeTarget "Calculater" */ = {
			isa = XCConfigurationList;
			buildConfigurations = (
				A2332C511CF8215A0086D381 /* Debug */,
				A2332C521CF8215A0086D381 /* Release */,
			);
			defaultConfigurationIsVisible = 0;
		};
		A2332C531CF8215A0086D381 /* Build configuration list for PBXNativeTarget "CalculaterTests" */ = {
			isa = XCConfigurationList;
			buildConfigurations = (
				A2332C541CF8215A0086D381 /* Debug */,
				A2332C551CF8215A0086D381 /* Release */,
			);
			defaultConfigurationIsVisible = 0;
		};
		A2332C561CF8215A0086D381 /* Build configuration list for PBXNativeTarget "CalculaterUITests" */ = {
			isa = XCConfigurationList;
			buildConfigurations = (
				A2332C571CF8215A0086D381 /* Debug */,
				A2332C581CF8215A0086D381 /* Release */,
			);
			defaultConfigurationIsVisible = 0;
		};
/* End XCConfigurationList section */
	};
	rootObject = A2332C201CF8215A0086D381 /* Project object */;
}
